
Microsoft Visual Studio Solution File, Format Version 12.00
# Visual Studio Version 17
VisualStudioVersion = 17.2.32630.192
MinimumVisualStudioVersion = 10.0.40219.1
Project("{FAE04EC0-301F-11D3-BF4B-00C04F79EFBC}") = "Exercicio generics", "Exercicio generics\Exercicio generics.csproj", "{D946550A-F125-4D7A-9718-7CA388B73247}"
EndProject
Global
	GlobalSection(SolutionConfigurationPlatforms) = preSolution
		Debug|Any CPU = Debug|Any CPU
		Release|Any CPU = Release|Any CPU
	EndGlobalSection
	GlobalSection(ProjectConfigurationPlatforms) = postSolution
		{D946550A-F125-4D7A-9718-7CA388B73247}.Debug|Any CPU.ActiveCfg = Debug|Any CPU
		{D946550A-F125-4D7A-9718-7CA388B73247}.Debug|Any CPU.Build.0 = Debug|Any CPU
		{D946550A-F125-4D7A-9718-7CA388B73247}.Release|Any CPU.ActiveCfg = Release|Any CPU
		{D946550A-F125-4D7A-9718-7CA388B73247}.Release|Any CPU.Build.0 = Release|Any CPU
	EndGlobalSection
	GlobalSection(SolutionProperties) = preSolution
		HideSolutionNode = FALSE
	EndGlobalSection
	GlobalSection(ExtensibilityGlobals) = postSolution
		SolutionGuid = {56AA5089-0305-4A2D-835D-334753950CC8}
	EndGlobalSection
EndGlobal
