
Microsoft Visual Studio Solution File, Format Version 12.00
# Visual Studio Version 17
VisualStudioVersion = 17.1.32319.34
MinimumVisualStudioVersion = 10.0.40219.1
Project("{FAE04EC0-301F-11D3-BF4B-00C04F79EFBC}") = "Quantidade de clientes que abasteceu", "Quantidade de clientes que abasteceu\Quantidade de clientes que abasteceu.csproj", "{CC5C151E-CF06-4F77-B698-BCE1EF91F10F}"
EndProject
Global
	GlobalSection(SolutionConfigurationPlatforms) = preSolution
		Debug|Any CPU = Debug|Any CPU
		Release|Any CPU = Release|Any CPU
	EndGlobalSection
	GlobalSection(ProjectConfigurationPlatforms) = postSolution
		{CC5C151E-CF06-4F77-B698-BCE1EF91F10F}.Debug|Any CPU.ActiveCfg = Debug|Any CPU
		{CC5C151E-CF06-4F77-B698-BCE1EF91F10F}.Debug|Any CPU.Build.0 = Debug|Any CPU
		{CC5C151E-CF06-4F77-B698-BCE1EF91F10F}.Release|Any CPU.ActiveCfg = Release|Any CPU
		{CC5C151E-CF06-4F77-B698-BCE1EF91F10F}.Release|Any CPU.Build.0 = Release|Any CPU
	EndGlobalSection
	GlobalSection(SolutionProperties) = preSolution
		HideSolutionNode = FALSE
	EndGlobalSection
	GlobalSection(ExtensibilityGlobals) = postSolution
		SolutionGuid = {CB48FDDE-3E5C-4ABA-9E93-81BA9BD2F97E}
	EndGlobalSection
EndGlobal
