
Microsoft Visual Studio Solution File, Format Version 12.00
# Visual Studio Version 17
VisualStudioVersion = 17.2.32630.192
MinimumVisualStudioVersion = 10.0.40219.1
Project("{FAE04EC0-301F-11D3-BF4B-00C04F79EFBC}") = "Lambda_Linq_Delegates", "Lambda_Linq_Delegates\Lambda_Linq_Delegates.csproj", "{6AF81C89-F260-4136-A298-62BCA3864AE5}"
EndProject
Global
	GlobalSection(SolutionConfigurationPlatforms) = preSolution
		Debug|Any CPU = Debug|Any CPU
		Release|Any CPU = Release|Any CPU
	EndGlobalSection
	GlobalSection(ProjectConfigurationPlatforms) = postSolution
		{6AF81C89-F260-4136-A298-62BCA3864AE5}.Debug|Any CPU.ActiveCfg = Debug|Any CPU
		{6AF81C89-F260-4136-A298-62BCA3864AE5}.Debug|Any CPU.Build.0 = Debug|Any CPU
		{6AF81C89-F260-4136-A298-62BCA3864AE5}.Release|Any CPU.ActiveCfg = Release|Any CPU
		{6AF81C89-F260-4136-A298-62BCA3864AE5}.Release|Any CPU.Build.0 = Release|Any CPU
	EndGlobalSection
	GlobalSection(SolutionProperties) = preSolution
		HideSolutionNode = FALSE
	EndGlobalSection
	GlobalSection(ExtensibilityGlobals) = postSolution
		SolutionGuid = {C2443252-35AD-4525-B00F-CE6B04C42AA4}
	EndGlobalSection
EndGlobal
