
Microsoft Visual Studio Solution File, Format Version 12.00
# Visual Studio Version 17
VisualStudioVersion = 17.1.32319.34
MinimumVisualStudioVersion = 10.0.40219.1
Project("{FAE04EC0-301F-11D3-BF4B-00C04F79EFBC}") = "solução emergencia de t.i", "solução emergencia de t.i\solução emergencia de t.i.csproj", "{B2F483ED-FA10-4996-A5BF-988F80AB634A}"
EndProject
Global
	GlobalSection(SolutionConfigurationPlatforms) = preSolution
		Debug|Any CPU = Debug|Any CPU
		Release|Any CPU = Release|Any CPU
	EndGlobalSection
	GlobalSection(ProjectConfigurationPlatforms) = postSolution
		{B2F483ED-FA10-4996-A5BF-988F80AB634A}.Debug|Any CPU.ActiveCfg = Debug|Any CPU
		{B2F483ED-FA10-4996-A5BF-988F80AB634A}.Debug|Any CPU.Build.0 = Debug|Any CPU
		{B2F483ED-FA10-4996-A5BF-988F80AB634A}.Release|Any CPU.ActiveCfg = Release|Any CPU
		{B2F483ED-FA10-4996-A5BF-988F80AB634A}.Release|Any CPU.Build.0 = Release|Any CPU
	EndGlobalSection
	GlobalSection(SolutionProperties) = preSolution
		HideSolutionNode = FALSE
	EndGlobalSection
	GlobalSection(ExtensibilityGlobals) = postSolution
		SolutionGuid = {6046D01D-8464-48FA-A288-80B0275C9957}
	EndGlobalSection
EndGlobal
