
Microsoft Visual Studio Solution File, Format Version 12.00
# Visual Studio Version 17
VisualStudioVersion = 17.1.32319.34
MinimumVisualStudioVersion = 10.0.40219.1
Project("{FAE04EC0-301F-11D3-BF4B-00C04F79EFBC}") = "Controle de numero e salario funcionario", "Controle de numero e salario funcionario\Controle de numero e salario funcionario.csproj", "{C42DE000-F776-4EAF-8C93-B040028DEF75}"
EndProject
Global
	GlobalSection(SolutionConfigurationPlatforms) = preSolution
		Debug|Any CPU = Debug|Any CPU
		Release|Any CPU = Release|Any CPU
	EndGlobalSection
	GlobalSection(ProjectConfigurationPlatforms) = postSolution
		{C42DE000-F776-4EAF-8C93-B040028DEF75}.Debug|Any CPU.ActiveCfg = Debug|Any CPU
		{C42DE000-F776-4EAF-8C93-B040028DEF75}.Debug|Any CPU.Build.0 = Debug|Any CPU
		{C42DE000-F776-4EAF-8C93-B040028DEF75}.Release|Any CPU.ActiveCfg = Release|Any CPU
		{C42DE000-F776-4EAF-8C93-B040028DEF75}.Release|Any CPU.Build.0 = Release|Any CPU
	EndGlobalSection
	GlobalSection(SolutionProperties) = preSolution
		HideSolutionNode = FALSE
	EndGlobalSection
	GlobalSection(ExtensibilityGlobals) = postSolution
		SolutionGuid = {AC11F5A2-11A0-4522-B91B-BB980316CDD8}
	EndGlobalSection
EndGlobal
