
Microsoft Visual Studio Solution File, Format Version 12.00
# Visual Studio Version 17
VisualStudioVersion = 17.1.32319.34
MinimumVisualStudioVersion = 10.0.40219.1
Project("{FAE04EC0-301F-11D3-BF4B-00C04F79EFBC}") = "Multiplou ou nao", "Multiplou ou nao\Multiplou ou nao.csproj", "{32F1D477-4F41-4B27-B327-DC7EF140C477}"
EndProject
Global
	GlobalSection(SolutionConfigurationPlatforms) = preSolution
		Debug|Any CPU = Debug|Any CPU
		Release|Any CPU = Release|Any CPU
	EndGlobalSection
	GlobalSection(ProjectConfigurationPlatforms) = postSolution
		{32F1D477-4F41-4B27-B327-DC7EF140C477}.Debug|Any CPU.ActiveCfg = Debug|Any CPU
		{32F1D477-4F41-4B27-B327-DC7EF140C477}.Debug|Any CPU.Build.0 = Debug|Any CPU
		{32F1D477-4F41-4B27-B327-DC7EF140C477}.Release|Any CPU.ActiveCfg = Release|Any CPU
		{32F1D477-4F41-4B27-B327-DC7EF140C477}.Release|Any CPU.Build.0 = Release|Any CPU
	EndGlobalSection
	GlobalSection(SolutionProperties) = preSolution
		HideSolutionNode = FALSE
	EndGlobalSection
	GlobalSection(ExtensibilityGlobals) = postSolution
		SolutionGuid = {FC8EEF8A-AD06-4BE0-954F-0EF6F2760C1D}
	EndGlobalSection
EndGlobal
