
Microsoft Visual Studio Solution File, Format Version 12.00
# Visual Studio Version 17
VisualStudioVersion = 17.1.32319.34
MinimumVisualStudioVersion = 10.0.40219.1
Project("{FAE04EC0-301F-11D3-BF4B-00C04F79EFBC}") = "calcule e mostre o valor pago na peça", "calcule e mostre o valor pago na peça\calcule e mostre o valor pago na peça.csproj", "{EEB86621-7BED-428D-B442-4C53CA630D76}"
EndProject
Global
	GlobalSection(SolutionConfigurationPlatforms) = preSolution
		Debug|Any CPU = Debug|Any CPU
		Release|Any CPU = Release|Any CPU
	EndGlobalSection
	GlobalSection(ProjectConfigurationPlatforms) = postSolution
		{EEB86621-7BED-428D-B442-4C53CA630D76}.Debug|Any CPU.ActiveCfg = Debug|Any CPU
		{EEB86621-7BED-428D-B442-4C53CA630D76}.Debug|Any CPU.Build.0 = Debug|Any CPU
		{EEB86621-7BED-428D-B442-4C53CA630D76}.Release|Any CPU.ActiveCfg = Release|Any CPU
		{EEB86621-7BED-428D-B442-4C53CA630D76}.Release|Any CPU.Build.0 = Release|Any CPU
	EndGlobalSection
	GlobalSection(SolutionProperties) = preSolution
		HideSolutionNode = FALSE
	EndGlobalSection
	GlobalSection(ExtensibilityGlobals) = postSolution
		SolutionGuid = {12C2D4AB-151C-4BB1-BC7C-111A3D52002C}
	EndGlobalSection
EndGlobal
