
Microsoft Visual Studio Solution File, Format Version 12.00
# Visual Studio Version 17
VisualStudioVersion = 17.1.32319.34
MinimumVisualStudioVersion = 10.0.40219.1
Project("{FAE04EC0-301F-11D3-BF4B-00C04F79EFBC}") = "tres valores com ponto flutuante", "tres valores com ponto flutuante\tres valores com ponto flutuante.csproj", "{050456B2-B0C2-4E43-81A6-24ADDEECB9EA}"
EndProject
Global
	GlobalSection(SolutionConfigurationPlatforms) = preSolution
		Debug|Any CPU = Debug|Any CPU
		Release|Any CPU = Release|Any CPU
	EndGlobalSection
	GlobalSection(ProjectConfigurationPlatforms) = postSolution
		{050456B2-B0C2-4E43-81A6-24ADDEECB9EA}.Debug|Any CPU.ActiveCfg = Debug|Any CPU
		{050456B2-B0C2-4E43-81A6-24ADDEECB9EA}.Debug|Any CPU.Build.0 = Debug|Any CPU
		{050456B2-B0C2-4E43-81A6-24ADDEECB9EA}.Release|Any CPU.ActiveCfg = Release|Any CPU
		{050456B2-B0C2-4E43-81A6-24ADDEECB9EA}.Release|Any CPU.Build.0 = Release|Any CPU
	EndGlobalSection
	GlobalSection(SolutionProperties) = preSolution
		HideSolutionNode = FALSE
	EndGlobalSection
	GlobalSection(ExtensibilityGlobals) = postSolution
		SolutionGuid = {92E0735A-E6EF-4688-83D1-71A145E7A7D8}
	EndGlobalSection
EndGlobal
