
Microsoft Visual Studio Solution File, Format Version 12.00
# Visual Studio Version 16
VisualStudioVersion = 16.0.31105.61
MinimumVisualStudioVersion = 10.0.40219.1
Project("{FAE04EC0-301F-11D3-BF4B-00C04F79EFBC}") = "ConsoleApp3", "ConsoleApp3\ConsoleApp3.csproj", "{B1C44186-AB8F-454D-AD8F-6794F43DCAFD}"
EndProject
Global
	GlobalSection(SolutionConfigurationPlatforms) = preSolution
		Debug|Any CPU = Debug|Any CPU
		Release|Any CPU = Release|Any CPU
	EndGlobalSection
	GlobalSection(ProjectConfigurationPlatforms) = postSolution
		{B1C44186-AB8F-454D-AD8F-6794F43DCAFD}.Debug|Any CPU.ActiveCfg = Debug|Any CPU
		{B1C44186-AB8F-454D-AD8F-6794F43DCAFD}.Debug|Any CPU.Build.0 = Debug|Any CPU
		{B1C44186-AB8F-454D-AD8F-6794F43DCAFD}.Release|Any CPU.ActiveCfg = Release|Any CPU
		{B1C44186-AB8F-454D-AD8F-6794F43DCAFD}.Release|Any CPU.Build.0 = Release|Any CPU
	EndGlobalSection
	GlobalSection(SolutionProperties) = preSolution
		HideSolutionNode = FALSE
	EndGlobalSection
	GlobalSection(ExtensibilityGlobals) = postSolution
		SolutionGuid = {5D94FA7D-162A-4780-8D94-E731B7755283}
	EndGlobalSection
EndGlobal
