
Microsoft Visual Studio Solution File, Format Version 12.00
# Visual Studio Version 17
VisualStudioVersion = 17.1.32319.34
MinimumVisualStudioVersion = 10.0.40219.1
Project("{FAE04EC0-301F-11D3-BF4B-00C04F79EFBC}") = "duraçao de partida", "duraçao de partida\duraçao de partida.csproj", "{B595756C-BA1E-4118-9867-D88CBEFCFAFB}"
EndProject
Global
	GlobalSection(SolutionConfigurationPlatforms) = preSolution
		Debug|Any CPU = Debug|Any CPU
		Release|Any CPU = Release|Any CPU
	EndGlobalSection
	GlobalSection(ProjectConfigurationPlatforms) = postSolution
		{B595756C-BA1E-4118-9867-D88CBEFCFAFB}.Debug|Any CPU.ActiveCfg = Debug|Any CPU
		{B595756C-BA1E-4118-9867-D88CBEFCFAFB}.Debug|Any CPU.Build.0 = Debug|Any CPU
		{B595756C-BA1E-4118-9867-D88CBEFCFAFB}.Release|Any CPU.ActiveCfg = Release|Any CPU
		{B595756C-BA1E-4118-9867-D88CBEFCFAFB}.Release|Any CPU.Build.0 = Release|Any CPU
	EndGlobalSection
	GlobalSection(SolutionProperties) = preSolution
		HideSolutionNode = FALSE
	EndGlobalSection
	GlobalSection(ExtensibilityGlobals) = postSolution
		SolutionGuid = {387DDBAE-BB26-4B4A-978F-375382875FE6}
	EndGlobalSection
EndGlobal
