
Microsoft Visual Studio Solution File, Format Version 12.00
# Visual Studio Version 17
VisualStudioVersion = 17.1.32319.34
MinimumVisualStudioVersion = 10.0.40219.1
Project("{FAE04EC0-301F-11D3-BF4B-00C04F79EFBC}") = "contagem regressiva foguete", "contagem regressiva foguete\contagem regressiva foguete.csproj", "{1B00600B-78A1-4DB0-AEDB-AEC3BF811D04}"
EndProject
Global
	GlobalSection(SolutionConfigurationPlatforms) = preSolution
		Debug|Any CPU = Debug|Any CPU
		Release|Any CPU = Release|Any CPU
	EndGlobalSection
	GlobalSection(ProjectConfigurationPlatforms) = postSolution
		{1B00600B-78A1-4DB0-AEDB-AEC3BF811D04}.Debug|Any CPU.ActiveCfg = Debug|Any CPU
		{1B00600B-78A1-4DB0-AEDB-AEC3BF811D04}.Debug|Any CPU.Build.0 = Debug|Any CPU
		{1B00600B-78A1-4DB0-AEDB-AEC3BF811D04}.Release|Any CPU.ActiveCfg = Release|Any CPU
		{1B00600B-78A1-4DB0-AEDB-AEC3BF811D04}.Release|Any CPU.Build.0 = Release|Any CPU
	EndGlobalSection
	GlobalSection(SolutionProperties) = preSolution
		HideSolutionNode = FALSE
	EndGlobalSection
	GlobalSection(ExtensibilityGlobals) = postSolution
		SolutionGuid = {5FD7C9EA-4B67-4D58-ADCC-A3AD5D03452E}
	EndGlobalSection
EndGlobal
